
Microsoft Visual Studio Solution File, Format Version 12.00
# Visual Studio Version 17
VisualStudioVersion = 17.14.36212.18 d17.14
MinimumVisualStudioVersion = 10.0.40219.1
Project("{FAE04EC0-301F-11D3-BF4B-00C04F79EFBC}") = "Assingment11-Csharp", "Assingment11-Csharp\Assingment11-Csharp.csproj", "{EC1DB37E-610D-48D2-9D6A-46EAB5E5668B}"
EndProject
Global
	GlobalSection(SolutionConfigurationPlatforms) = preSolution
		Debug|Any CPU = Debug|Any CPU
		Release|Any CPU = Release|Any CPU
	EndGlobalSection
	GlobalSection(ProjectConfigurationPlatforms) = postSolution
		{EC1DB37E-610D-48D2-9D6A-46EAB5E5668B}.Debug|Any CPU.ActiveCfg = Debug|Any CPU
		{EC1DB37E-610D-48D2-9D6A-46EAB5E5668B}.Debug|Any CPU.Build.0 = Debug|Any CPU
		{EC1DB37E-610D-48D2-9D6A-46EAB5E5668B}.Release|Any CPU.ActiveCfg = Release|Any CPU
		{EC1DB37E-610D-48D2-9D6A-46EAB5E5668B}.Release|Any CPU.Build.0 = Release|Any CPU
	EndGlobalSection
	GlobalSection(SolutionProperties) = preSolution
		HideSolutionNode = FALSE
	EndGlobalSection
	GlobalSection(ExtensibilityGlobals) = postSolution
		SolutionGuid = {D579EB1E-C2F2-4498-B163-5BB84288FA84}
	EndGlobalSection
EndGlobal
